{
  "requires": true,
  "lockfileVersion": 1,
  "dependencies": {
    "@syncfusion/ej2-angular-base": {
      "version": "18.1.48",
      "resolved": "https://registry.npmjs.org/@syncfusion/ej2-angular-base/-/ej2-angular-base-18.1.48.tgz",
      "integrity": "sha512-xmwGlHF0BpR4ini0YosmDTSCa5ld99239Df5QyXKF8Ga5EV7Loav968yAzl95q/kEuV3fk0oFkyt7RPo5eMJzQ==",
      "requires": {
        "@syncfusion/ej2-base": "~18.1.44",
        "@syncfusion/ej2-icons": "~18.1.42",
        "core-js": "^3.4.8",
        "reflect-metadata": "^0.1.9",
        "rxjs": "^5.0.0",
        "zone.js": "^0.7.2"
      }
    },
    "@syncfusion/ej2-angular-inputs": {
      "version": "18.1.45",
      "resolved": "https://registry.npmjs.org/@syncfusion/ej2-angular-inputs/-/ej2-angular-inputs-18.1.45.tgz",
      "integrity": "sha512-CIW6c4/I5JVrv51uMmOxQXRBIdPl70rL74JI5mr5v+w89y+8iz2eWd5P/nePukQkNi+Q1o9hoAarvq8kqyis2Q==",
      "requires": {
        "@syncfusion/ej2-angular-base": "~18.1.45",
        "@syncfusion/ej2-base": "~18.1.44",
        "@syncfusion/ej2-inputs": "18.1.45"
      }
    },
    "@syncfusion/ej2-base": {
      "version": "18.1.44",
      "resolved": "https://registry.npmjs.org/@syncfusion/ej2-base/-/ej2-base-18.1.44.tgz",
      "integrity": "sha512-Z1Y9fCs1Fa3ZkP31/C1L97mzMm/Al7W5eGZdUuu60A0volrB1ZGdlPzM/oLP6kdFrICr+OSnL84vDHF5pI0hVg==",
      "requires": {
        "@syncfusion/ej2-icons": "~18.1.42"
      }
    },
    "@syncfusion/ej2-buttons": {
      "version": "18.1.48",
      "resolved": "https://registry.npmjs.org/@syncfusion/ej2-buttons/-/ej2-buttons-18.1.48.tgz",
      "integrity": "sha512-bgndoG6EzYPyxYRP0iP8E7wZI58sjBZXn+NJwUv6qKhzVr9FU66Har6Jdb8a9Km455rlT2aaU4Ajo8goz8FPJg==",
      "requires": {
        "@syncfusion/ej2-base": "~18.1.44"
      }
    },
    "@syncfusion/ej2-icons": {
      "version": "18.1.42",
      "resolved": "https://registry.npmjs.org/@syncfusion/ej2-icons/-/ej2-icons-18.1.42.tgz",
      "integrity": "sha512-uBxHW5pUO8VpCr7qt+d3GFXzkX7uqojO6KHPu8t6QBgnwPFY8k4mQo6/pxBi/2xSeEaAr4nH+co9OErrq8qDeA=="
    },
    "@syncfusion/ej2-inputs": {
      "version": "18.1.45",
      "resolved": "https://registry.npmjs.org/@syncfusion/ej2-inputs/-/ej2-inputs-18.1.45.tgz",
      "integrity": "sha512-Qq63pK3F3AaLzxe6179C7+iwkBbsWrKV3BPBXO9iJOUbjZDUtKLZmSXm8jvRJNC2pqqTePxN+6UERmwVQ7dEdQ==",
      "requires": {
        "@syncfusion/ej2-base": "~18.1.44",
        "@syncfusion/ej2-buttons": "~18.1.43",
        "@syncfusion/ej2-popups": "~18.1.45",
        "@syncfusion/ej2-splitbuttons": "~18.1.43"
      }
    },
    "@syncfusion/ej2-popups": {
      "version": "18.1.46",
      "resolved": "https://registry.npmjs.org/@syncfusion/ej2-popups/-/ej2-popups-18.1.46.tgz",
      "integrity": "sha512-Qp0nRO6AD2AqpMRWuD71enMe4DBfGQb1yCjN1Wq/kH8JVitc4pAIg5YooYfH2t1cCjl+fNFvwASNETQPwQlUGA==",
      "requires": {
        "@syncfusion/ej2-base": "~18.1.44",
        "@syncfusion/ej2-buttons": "~18.1.43"
      }
    },
    "@syncfusion/ej2-splitbuttons": {
      "version": "18.1.43",
      "resolved": "https://registry.npmjs.org/@syncfusion/ej2-splitbuttons/-/ej2-splitbuttons-18.1.43.tgz",
      "integrity": "sha512-eqJM9hr2cddYNvDIFT12ehfhXArA8mHnkNYunHkStHJeGlf2bA78wc0euKaK+F3vWeiY2g7qOuuTEJtmC9ROvQ==",
      "requires": {
        "@syncfusion/ej2-base": "~18.1.42",
        "@syncfusion/ej2-popups": "~18.1.43"
      }
    },
    "ckeditor4-angular": {
      "version": "1.1.0",
      "resolved": "https://registry.npmjs.org/ckeditor4-angular/-/ckeditor4-angular-1.1.0.tgz",
      "integrity": "sha512-4jx6v32NAyeZAqbTHYOl+s3V2EItO7hzo2o6vTAQ5t2KypLH9WXvHt9nKhV0g24d60GimMTpOSYXeZoSCaIF4A==",
      "requires": {
        "load-script": "^1.0.0",
        "tslib": "^1.9.0"
      }
    },
    "core-js": {
      "version": "3.6.5",
      "resolved": "https://registry.npmjs.org/core-js/-/core-js-3.6.5.tgz",
      "integrity": "sha512-vZVEEwZoIsI+vPEuoF9Iqf5H7/M3eeQqWlQnYa8FSKKePuYTf5MWnxb5SDAzCa60b3JBRS5g9b+Dq7b1y/RCrA=="
    },
    "load-script": {
      "version": "1.0.0",
      "resolved": "https://registry.npmjs.org/load-script/-/load-script-1.0.0.tgz",
      "integrity": "sha1-BJGTngvuVkPuSUp+PaPSuscMbKQ="
    },
    "ng2-file-upload": {
      "version": "1.4.0",
      "resolved": "https://registry.npmjs.org/ng2-file-upload/-/ng2-file-upload-1.4.0.tgz",
      "integrity": "sha512-3J/KPU/tyh/ad6TFeUbrxX+SihUj0iOEt2Zsg4EX7mB3GFiQscXOfcUOxCkBtPWWWaqt3azrYbVGzsYa3/7NzQ==",
      "requires": {
        "tslib": "^1.9.0"
      }
    },
    "reflect-metadata": {
      "version": "0.1.13",
      "resolved": "https://registry.npmjs.org/reflect-metadata/-/reflect-metadata-0.1.13.tgz",
      "integrity": "sha512-Ts1Y/anZELhSsjMcU605fU9RE4Oi3p5ORujwbIKXfWa+0Zxs510Qrmrce5/Jowq3cHSZSJqBjypxmHarc+vEWg=="
    },
    "rxjs": {
      "version": "5.5.12",
      "resolved": "https://registry.npmjs.org/rxjs/-/rxjs-5.5.12.tgz",
      "integrity": "sha512-xx2itnL5sBbqeeiVgNPVuQQ1nC8Jp2WfNJhXWHmElW9YmrpS9UVnNzhP3EH3HFqexO5Tlp8GhYY+WEcqcVMvGw==",
      "requires": {
        "symbol-observable": "1.0.1"
      }
    },
    "symbol-observable": {
      "version": "1.0.1",
      "resolved": "https://registry.npmjs.org/symbol-observable/-/symbol-observable-1.0.1.tgz",
      "integrity": "sha1-g0D8RwLDEi310iKI+IKD9RPT/dQ="
    },
    "tslib": {
      "version": "1.11.1",
      "resolved": "https://registry.npmjs.org/tslib/-/tslib-1.11.1.tgz",
      "integrity": "sha512-aZW88SY8kQbU7gpV19lN24LtXh/yD4ZZg6qieAJDDg+YBsJcSmLGK9QpnUjAKVG/xefmvJGd1WUmfpT/g6AJGA=="
    },
    "zone.js": {
      "version": "0.7.8",
      "resolved": "https://registry.npmjs.org/zone.js/-/zone.js-0.7.8.tgz",
      "integrity": "sha1-Tz/og01EWX8mOQU6D6Q43zT//e0="
    }
  }
}
