
Microsoft Visual Studio Solution File, Format Version 12.00
# Visual Studio Version 16
VisualStudioVersion = 16.0.29613.14
MinimumVisualStudioVersion = 10.0.40219.1
Project("{FAE04EC0-301F-11D3-BF4B-00C04F79EFBC}") = "StickyHeaderMainMenu", "StickyHeaderMainMenu\StickyHeaderMainMenu.csproj", "{3BFBEC62-3074-44C8-A143-216152B16823}"
EndProject
Global
	GlobalSection(SolutionConfigurationPlatforms) = preSolution
		Debug|Any CPU = Debug|Any CPU
		Release|Any CPU = Release|Any CPU
	EndGlobalSection
	GlobalSection(ProjectConfigurationPlatforms) = postSolution
		{3BFBEC62-3074-44C8-A143-216152B16823}.Debug|Any CPU.ActiveCfg = Debug|Any CPU
		{3BFBEC62-3074-44C8-A143-216152B16823}.Debug|Any CPU.Build.0 = Debug|Any CPU
		{3BFBEC62-3074-44C8-A143-216152B16823}.Release|Any CPU.ActiveCfg = Release|Any CPU
		{3BFBEC62-3074-44C8-A143-216152B16823}.Release|Any CPU.Build.0 = Release|Any CPU
	EndGlobalSection
	GlobalSection(SolutionProperties) = preSolution
		HideSolutionNode = FALSE
	EndGlobalSection
	GlobalSection(ExtensibilityGlobals) = postSolution
		SolutionGuid = {AA0B393C-99C4-43C3-B166-9EE377F54D0A}
	EndGlobalSection
EndGlobal
